// !$*UTF8*$!
{
	archiveVersion = 1;
	classes = {
	};
	objectVersion = 50;
	objects = {

/* Begin PBXBuildFile section */
		D609C39E2710383A0062EAF9 /* AppDelegate.m in Sources */ = {isa = PBXBuildFile; fileRef = D609C39D2710383A0062EAF9 /* AppDelegate.m */; };
		D609C3A42710383A0062EAF9 /* ViewController.m in Sources */ = {isa = PBXBuildFile; fileRef = D609C3A32710383A0062EAF9 /* ViewController.m */; };
		D609C3A72710383A0062EAF9 /* Main.storyboard in Resources */ = {isa = PBXBuildFile; fileRef = D609C3A52710383A0062EAF9 /* Main.storyboard */; };
		D609C3A92710383D0062EAF9 /* Assets.xcassets in Resources */ = {isa = PBXBuildFile; fileRef = D609C3A82710383D0062EAF9 /* Assets.xcassets */; };
		D609C3AC2710383D0062EAF9 /* LaunchScreen.storyboard in Resources */ = {isa = PBXBuildFile; fileRef = D609C3AA2710383D0062EAF9 /* LaunchScreen.storyboard */; };
		D609C3AF2710383D0062EAF9 /* main.m in Sources */ = {isa = PBXBuildFile; fileRef = D609C3AE2710383D0062EAF9 /* main.m */; };
		D609C3B927103D450062EAF9 /* ViewController0.m in Sources */ = {isa = PBXBuildFile; fileRef = D609C3B827103D450062EAF9 /* ViewController0.m */; };
		D609C3BD271056640062EAF9 /* ViewController1.m in Sources */ = {isa = PBXBuildFile; fileRef = D609C3BC271056640062EAF9 /* ViewController1.m */; };
		D609C3C2271564CD0062EAF9 /* ViewController2.m in Sources */ = {isa = PBXBuildFile; fileRef = D609C3C1271564CD0062EAF9 /* ViewController2.m */; };
		D609C3C62715B5290062EAF9 /* ViewController3.m in Sources */ = {isa = PBXBuildFile; fileRef = D609C3C52715B5290062EAF9 /* ViewController3.m */; };
		D651A8002754A953001B0B1B /* NavigationControllerTransitioning.m in Sources */ = {isa = PBXBuildFile; fileRef = D651A7FF2754A953001B0B1B /* NavigationControllerTransitioning.m */; };
		D66ACA542752056500785814 /* ViewControllerDismisstransition.m in Sources */ = {isa = PBXBuildFile; fileRef = D66ACA532752056500785814 /* ViewControllerDismisstransition.m */; };
		D6B09056274F922900A31494 /* Viewcontroller7.m in Sources */ = {isa = PBXBuildFile; fileRef = D6B09055274F922900A31494 /* Viewcontroller7.m */; };
		D6B09059274FB47C00A31494 /* ModalViewController.m in Sources */ = {isa = PBXBuildFile; fileRef = D6B09058274FB47C00A31494 /* ModalViewController.m */; };
		D6B0905C2750B87100A31494 /* ViewControllerAnimatedTransitioning.m in Sources */ = {isa = PBXBuildFile; fileRef = D6B0905B2750B87100A31494 /* ViewControllerAnimatedTransitioning.m */; };
		D6B0905F2750E5D700A31494 /* SwipeInteractiveTransition.m in Sources */ = {isa = PBXBuildFile; fileRef = D6B0905E2750E5D700A31494 /* SwipeInteractiveTransition.m */; };
		D6E18CD52727DE5A00E16BF3 /* ViewController4.m in Sources */ = {isa = PBXBuildFile; fileRef = D6E18CD42727DE5A00E16BF3 /* ViewController4.m */; };
		D6EC73FC27293C33006C431F /* ViewController5.m in Sources */ = {isa = PBXBuildFile; fileRef = D6EC73FB27293C33006C431F /* ViewController5.m */; };
		D6F16F662730D28A00CC0F67 /* ViewController6.m in Sources */ = {isa = PBXBuildFile; fileRef = D6F16F652730D28A00CC0F67 /* ViewController6.m */; };
/* End PBXBuildFile section */

/* Begin PBXFileReference section */
		D609C3992710383A0062EAF9 /* multi-thread-demo.app */ = {isa = PBXFileReference; explicitFileType = wrapper.application; includeInIndex = 0; path = "multi-thread-demo.app"; sourceTree = BUILT_PRODUCTS_DIR; };
		D609C39C2710383A0062EAF9 /* AppDelegate.h */ = {isa = PBXFileReference; lastKnownFileType = sourcecode.c.h; path = AppDelegate.h; sourceTree = "<group>"; };
		D609C39D2710383A0062EAF9 /* AppDelegate.m */ = {isa = PBXFileReference; lastKnownFileType = sourcecode.c.objc; path = AppDelegate.m; sourceTree = "<group>"; };
		D609C3A22710383A0062EAF9 /* ViewController.h */ = {isa = PBXFileReference; lastKnownFileType = sourcecode.c.h; path = ViewController.h; sourceTree = "<group>"; };
		D609C3A32710383A0062EAF9 /* ViewController.m */ = {isa = PBXFileReference; lastKnownFileType = sourcecode.c.objc; path = ViewController.m; sourceTree = "<group>"; };
		D609C3A62710383A0062EAF9 /* Base */ = {isa = PBXFileReference; lastKnownFileType = file.storyboard; name = Base; path = Base.lproj/Main.storyboard; sourceTree = "<group>"; };
		D609C3A82710383D0062EAF9 /* Assets.xcassets */ = {isa = PBXFileReference; lastKnownFileType = folder.assetcatalog; path = Assets.xcassets; sourceTree = "<group>"; };
		D609C3AB2710383D0062EAF9 /* Base */ = {isa = PBXFileReference; lastKnownFileType = file.storyboard; name = Base; path = Base.lproj/LaunchScreen.storyboard; sourceTree = "<group>"; };
		D609C3AD2710383D0062EAF9 /* Info.plist */ = {isa = PBXFileReference; lastKnownFileType = text.plist.xml; path = Info.plist; sourceTree = "<group>"; };
		D609C3AE2710383D0062EAF9 /* main.m */ = {isa = PBXFileReference; lastKnownFileType = sourcecode.c.objc; path = main.m; sourceTree = "<group>"; };
		D609C3B727103D450062EAF9 /* ViewController0.h */ = {isa = PBXFileReference; lastKnownFileType = sourcecode.c.h; path = ViewController0.h; sourceTree = "<group>"; };
		D609C3B827103D450062EAF9 /* ViewController0.m */ = {isa = PBXFileReference; lastKnownFileType = sourcecode.c.objc; path = ViewController0.m; sourceTree = "<group>"; };
		D609C3BB271056640062EAF9 /* ViewController1.h */ = {isa = PBXFileReference; lastKnownFileType = sourcecode.c.h; path = ViewController1.h; sourceTree = "<group>"; };
		D609C3BC271056640062EAF9 /* ViewController1.m */ = {isa = PBXFileReference; lastKnownFileType = sourcecode.c.objc; path = ViewController1.m; sourceTree = "<group>"; };
		D609C3C0271564CD0062EAF9 /* ViewController2.h */ = {isa = PBXFileReference; lastKnownFileType = sourcecode.c.h; path = ViewController2.h; sourceTree = "<group>"; };
		D609C3C1271564CD0062EAF9 /* ViewController2.m */ = {isa = PBXFileReference; lastKnownFileType = sourcecode.c.objc; path = ViewController2.m; sourceTree = "<group>"; };
		D609C3C42715B5290062EAF9 /* ViewController3.h */ = {isa = PBXFileReference; lastKnownFileType = sourcecode.c.h; path = ViewController3.h; sourceTree = "<group>"; };
		D609C3C52715B5290062EAF9 /* ViewController3.m */ = {isa = PBXFileReference; lastKnownFileType = sourcecode.c.objc; path = ViewController3.m; sourceTree = "<group>"; };
		D651A7FE2754A953001B0B1B /* NavigationControllerTransitioning.h */ = {isa = PBXFileReference; lastKnownFileType = sourcecode.c.h; path = NavigationControllerTransitioning.h; sourceTree = "<group>"; };
		D651A7FF2754A953001B0B1B /* NavigationControllerTransitioning.m */ = {isa = PBXFileReference; lastKnownFileType = sourcecode.c.objc; path = NavigationControllerTransitioning.m; sourceTree = "<group>"; };
		D66ACA522752056500785814 /* ViewControllerDismisstransition.h */ = {isa = PBXFileReference; lastKnownFileType = sourcecode.c.h; path = ViewControllerDismisstransition.h; sourceTree = "<group>"; };
		D66ACA532752056500785814 /* ViewControllerDismisstransition.m */ = {isa = PBXFileReference; lastKnownFileType = sourcecode.c.objc; path = ViewControllerDismisstransition.m; sourceTree = "<group>"; };
		D6B09054274F922900A31494 /* Viewcontroller7.h */ = {isa = PBXFileReference; lastKnownFileType = sourcecode.c.h; path = Viewcontroller7.h; sourceTree = "<group>"; };
		D6B09055274F922900A31494 /* Viewcontroller7.m */ = {isa = PBXFileReference; lastKnownFileType = sourcecode.c.objc; path = Viewcontroller7.m; sourceTree = "<group>"; };
		D6B09057274FB47C00A31494 /* ModalViewController.h */ = {isa = PBXFileReference; lastKnownFileType = sourcecode.c.h; path = ModalViewController.h; sourceTree = "<group>"; };
		D6B09058274FB47C00A31494 /* ModalViewController.m */ = {isa = PBXFileReference; lastKnownFileType = sourcecode.c.objc; path = ModalViewController.m; sourceTree = "<group>"; };
		D6B0905A2750B87100A31494 /* ViewControllerAnimatedTransitioning.h */ = {isa = PBXFileReference; lastKnownFileType = sourcecode.c.h; path = ViewControllerAnimatedTransitioning.h; sourceTree = "<group>"; };
		D6B0905B2750B87100A31494 /* ViewControllerAnimatedTransitioning.m */ = {isa = PBXFileReference; lastKnownFileType = sourcecode.c.objc; path = ViewControllerAnimatedTransitioning.m; sourceTree = "<group>"; };
		D6B0905D2750E5D700A31494 /* SwipeInteractiveTransition.h */ = {isa = PBXFileReference; lastKnownFileType = sourcecode.c.h; path = SwipeInteractiveTransition.h; sourceTree = "<group>"; };
		D6B0905E2750E5D700A31494 /* SwipeInteractiveTransition.m */ = {isa = PBXFileReference; lastKnownFileType = sourcecode.c.objc; path = SwipeInteractiveTransition.m; sourceTree = "<group>"; };
		D6E18CD32727DE5A00E16BF3 /* ViewController4.h */ = {isa = PBXFileReference; lastKnownFileType = sourcecode.c.h; path = ViewController4.h; sourceTree = "<group>"; };
		D6E18CD42727DE5A00E16BF3 /* ViewController4.m */ = {isa = PBXFileReference; lastKnownFileType = sourcecode.c.objc; path = ViewController4.m; sourceTree = "<group>"; };
		D6EC73FA27293C33006C431F /* ViewController5.h */ = {isa = PBXFileReference; lastKnownFileType = sourcecode.c.h; path = ViewController5.h; sourceTree = "<group>"; };
		D6EC73FB27293C33006C431F /* ViewController5.m */ = {isa = PBXFileReference; lastKnownFileType = sourcecode.c.objc; path = ViewController5.m; sourceTree = "<group>"; };
		D6F16F642730D28A00CC0F67 /* ViewController6.h */ = {isa = PBXFileReference; lastKnownFileType = sourcecode.c.h; path = ViewController6.h; sourceTree = "<group>"; };
		D6F16F652730D28A00CC0F67 /* ViewController6.m */ = {isa = PBXFileReference; lastKnownFileType = sourcecode.c.objc; path = ViewController6.m; sourceTree = "<group>"; };
/* End PBXFileReference section */

/* Begin PBXFrameworksBuildPhase section */
		D609C3962710383A0062EAF9 /* Frameworks */ = {
			isa = PBXFrameworksBuildPhase;
			buildActionMask = 2147483647;
			files = (
			);
			runOnlyForDeploymentPostprocessing = 0;
		};
/* End PBXFrameworksBuildPhase section */

/* Begin PBXGroup section */
		D609C390271038390062EAF9 = {
			isa = PBXGroup;
			children = (
				D609C39B2710383A0062EAF9 /* multi-thread-demo */,
				D609C39A2710383A0062EAF9 /* Products */,
			);
			sourceTree = "<group>";
		};
		D609C39A2710383A0062EAF9 /* Products */ = {
			isa = PBXGroup;
			children = (
				D609C3992710383A0062EAF9 /* multi-thread-demo.app */,
			);
			name = Products;
			sourceTree = "<group>";
		};
		D609C39B2710383A0062EAF9 /* multi-thread-demo */ = {
			isa = PBXGroup;
			children = (
				D609C39C2710383A0062EAF9 /* AppDelegate.h */,
				D609C39D2710383A0062EAF9 /* AppDelegate.m */,
				D609C3A22710383A0062EAF9 /* ViewController.h */,
				D609C3A32710383A0062EAF9 /* ViewController.m */,
				D609C3A52710383A0062EAF9 /* Main.storyboard */,
				D609C3A82710383D0062EAF9 /* Assets.xcassets */,
				D609C3AA2710383D0062EAF9 /* LaunchScreen.storyboard */,
				D609C3AD2710383D0062EAF9 /* Info.plist */,
				D609C3AE2710383D0062EAF9 /* main.m */,
				D609C3B727103D450062EAF9 /* ViewController0.h */,
				D609C3B827103D450062EAF9 /* ViewController0.m */,
				D609C3BB271056640062EAF9 /* ViewController1.h */,
				D609C3BC271056640062EAF9 /* ViewController1.m */,
				D609C3C0271564CD0062EAF9 /* ViewController2.h */,
				D609C3C1271564CD0062EAF9 /* ViewController2.m */,
				D609C3C42715B5290062EAF9 /* ViewController3.h */,
				D609C3C52715B5290062EAF9 /* ViewController3.m */,
				D6E18CD32727DE5A00E16BF3 /* ViewController4.h */,
				D6E18CD42727DE5A00E16BF3 /* ViewController4.m */,
				D6EC73FA27293C33006C431F /* ViewController5.h */,
				D6EC73FB27293C33006C431F /* ViewController5.m */,
				D6F16F642730D28A00CC0F67 /* ViewController6.h */,
				D6F16F652730D28A00CC0F67 /* ViewController6.m */,
				D6B09054274F922900A31494 /* Viewcontroller7.h */,
				D6B09055274F922900A31494 /* Viewcontroller7.m */,
				D6B09057274FB47C00A31494 /* ModalViewController.h */,
				D6B09058274FB47C00A31494 /* ModalViewController.m */,
				D6B0905A2750B87100A31494 /* ViewControllerAnimatedTransitioning.h */,
				D6B0905B2750B87100A31494 /* ViewControllerAnimatedTransitioning.m */,
				D6B0905D2750E5D700A31494 /* SwipeInteractiveTransition.h */,
				D6B0905E2750E5D700A31494 /* SwipeInteractiveTransition.m */,
				D66ACA522752056500785814 /* ViewControllerDismisstransition.h */,
				D66ACA532752056500785814 /* ViewControllerDismisstransition.m */,
				D651A7FE2754A953001B0B1B /* NavigationControllerTransitioning.h */,
				D651A7FF2754A953001B0B1B /* NavigationControllerTransitioning.m */,
			);
			path = "multi-thread-demo";
			sourceTree = "<group>";
		};
/* End PBXGroup section */

/* Begin PBXNativeTarget section */
		D609C3982710383A0062EAF9 /* multi-thread-demo */ = {
			isa = PBXNativeTarget;
			buildConfigurationList = D609C3B22710383D0062EAF9 /* Build configuration list for PBXNativeTarget "multi-thread-demo" */;
			buildPhases = (
				D609C3952710383A0062EAF9 /* Sources */,
				D609C3962710383A0062EAF9 /* Frameworks */,
				D609C3972710383A0062EAF9 /* Resources */,
			);
			buildRules = (
			);
			dependencies = (
			);
			name = "multi-thread-demo";
			productName = "multi-thread-demo";
			productReference = D609C3992710383A0062EAF9 /* multi-thread-demo.app */;
			productType = "com.apple.product-type.application";
		};
/* End PBXNativeTarget section */

/* Begin PBXProject section */
		D609C391271038390062EAF9 /* Project object */ = {
			isa = PBXProject;
			attributes = {
				LastUpgradeCheck = 1240;
				TargetAttributes = {
					D609C3982710383A0062EAF9 = {
						CreatedOnToolsVersion = 12.4;
					};
				};
			};
			buildConfigurationList = D609C394271038390062EAF9 /* Build configuration list for PBXProject "multi-thread-demo" */;
			compatibilityVersion = "Xcode 9.3";
			developmentRegion = en;
			hasScannedForEncodings = 0;
			knownRegions = (
				en,
				Base,
			);
			mainGroup = D609C390271038390062EAF9;
			productRefGroup = D609C39A2710383A0062EAF9 /* Products */;
			projectDirPath = "";
			projectRoot = "";
			targets = (
				D609C3982710383A0062EAF9 /* multi-thread-demo */,
			);
		};
/* End PBXProject section */

/* Begin PBXResourcesBuildPhase section */
		D609C3972710383A0062EAF9 /* Resources */ = {
			isa = PBXResourcesBuildPhase;
			buildActionMask = 2147483647;
			files = (
				D609C3AC2710383D0062EAF9 /* LaunchScreen.storyboard in Resources */,
				D609C3A92710383D0062EAF9 /* Assets.xcassets in Resources */,
				D609C3A72710383A0062EAF9 /* Main.storyboard in Resources */,
			);
			runOnlyForDeploymentPostprocessing = 0;
		};
/* End PBXResourcesBuildPhase section */

/* Begin PBXSourcesBuildPhase section */
		D609C3952710383A0062EAF9 /* Sources */ = {
			isa = PBXSourcesBuildPhase;
			buildActionMask = 2147483647;
			files = (
				D609C3BD271056640062EAF9 /* ViewController1.m in Sources */,
				D609C3A42710383A0062EAF9 /* ViewController.m in Sources */,
				D609C39E2710383A0062EAF9 /* AppDelegate.m in Sources */,
				D651A8002754A953001B0B1B /* NavigationControllerTransitioning.m in Sources */,
				D609C3AF2710383D0062EAF9 /* main.m in Sources */,
				D6B0905F2750E5D700A31494 /* SwipeInteractiveTransition.m in Sources */,
				D6B09059274FB47C00A31494 /* ModalViewController.m in Sources */,
				D609C3B927103D450062EAF9 /* ViewController0.m in Sources */,
				D6B0905C2750B87100A31494 /* ViewControllerAnimatedTransitioning.m in Sources */,
				D6F16F662730D28A00CC0F67 /* ViewController6.m in Sources */,
				D6B09056274F922900A31494 /* Viewcontroller7.m in Sources */,
				D6EC73FC27293C33006C431F /* ViewController5.m in Sources */,
				D609C3C2271564CD0062EAF9 /* ViewController2.m in Sources */,
				D609C3C62715B5290062EAF9 /* ViewController3.m in Sources */,
				D66ACA542752056500785814 /* ViewControllerDismisstransition.m in Sources */,
				D6E18CD52727DE5A00E16BF3 /* ViewController4.m in Sources */,
			);
			runOnlyForDeploymentPostprocessing = 0;
		};
/* End PBXSourcesBuildPhase section */

/* Begin PBXVariantGroup section */
		D609C3A52710383A0062EAF9 /* Main.storyboard */ = {
			isa = PBXVariantGroup;
			children = (
				D609C3A62710383A0062EAF9 /* Base */,
			);
			name = Main.storyboard;
			sourceTree = "<group>";
		};
		D609C3AA2710383D0062EAF9 /* LaunchScreen.storyboard */ = {
			isa = PBXVariantGroup;
			children = (
				D609C3AB2710383D0062EAF9 /* Base */,
			);
			name = LaunchScreen.storyboard;
			sourceTree = "<group>";
		};
/* End PBXVariantGroup section */

/* Begin XCBuildConfiguration section */
		D609C3B02710383D0062EAF9 /* Debug */ = {
			isa = XCBuildConfiguration;
			buildSettings = {
				ALWAYS_SEARCH_USER_PATHS = NO;
				CLANG_ANALYZER_NONNULL = YES;
				CLANG_ANALYZER_NUMBER_OBJECT_CONVERSION = YES_AGGRESSIVE;
				CLANG_CXX_LANGUAGE_STANDARD = "gnu++14";
				CLANG_CXX_LIBRARY = "libc++";
				CLANG_ENABLE_MODULES = YES;
				CLANG_ENABLE_OBJC_ARC = YES;
				CLANG_ENABLE_OBJC_WEAK = YES;
				CLANG_WARN_BLOCK_CAPTURE_AUTORELEASING = YES;
				CLANG_WARN_BOOL_CONVERSION = YES;
				CLANG_WARN_COMMA = YES;
				CLANG_WARN_CONSTANT_CONVERSION = YES;
				CLANG_WARN_DEPRECATED_OBJC_IMPLEMENTATIONS = YES;
				CLANG_WARN_DIRECT_OBJC_ISA_USAGE = YES_ERROR;
				CLANG_WARN_DOCUMENTATION_COMMENTS = YES;
				CLANG_WARN_EMPTY_BODY = YES;
				CLANG_WARN_ENUM_CONVERSION = YES;
				CLANG_WARN_INFINITE_RECURSION = YES;
				CLANG_WARN_INT_CONVERSION = YES;
				CLANG_WARN_NON_LITERAL_NULL_CONVERSION = YES;
				CLANG_WARN_OBJC_IMPLICIT_RETAIN_SELF = YES;
				CLANG_WARN_OBJC_LITERAL_CONVERSION = YES;
				CLANG_WARN_OBJC_ROOT_CLASS = YES_ERROR;
				CLANG_WARN_QUOTED_INCLUDE_IN_FRAMEWORK_HEADER = YES;
				CLANG_WARN_RANGE_LOOP_ANALYSIS = YES;
				CLANG_WARN_STRICT_PROTOTYPES = YES;
				CLANG_WARN_SUSPICIOUS_MOVE = YES;
				CLANG_WARN_UNGUARDED_AVAILABILITY = YES_AGGRESSIVE;
				CLANG_WARN_UNREACHABLE_CODE = YES;
				CLANG_WARN__DUPLICATE_METHOD_MATCH = YES;
				COPY_PHASE_STRIP = NO;
				DEBUG_INFORMATION_FORMAT = dwarf;
				ENABLE_STRICT_OBJC_MSGSEND = YES;
				ENABLE_TESTABILITY = YES;
				GCC_C_LANGUAGE_STANDARD = gnu11;
				GCC_DYNAMIC_NO_PIC = NO;
				GCC_NO_COMMON_BLOCKS = YES;
				GCC_OPTIMIZATION_LEVEL = 0;
				GCC_PREPROCESSOR_DEFINITIONS = (
					"DEBUG=1",
					"$(inherited)",
				);
				GCC_WARN_64_TO_32_BIT_CONVERSION = YES;
				GCC_WARN_ABOUT_RETURN_TYPE = YES_ERROR;
				GCC_WARN_UNDECLARED_SELECTOR = YES;
				GCC_WARN_UNINITIALIZED_AUTOS = YES_AGGRESSIVE;
				GCC_WARN_UNUSED_FUNCTION = YES;
				GCC_WARN_UNUSED_VARIABLE = YES;
				IPHONEOS_DEPLOYMENT_TARGET = 14.4;
				MTL_ENABLE_DEBUG_INFO = INCLUDE_SOURCE;
				MTL_FAST_MATH = YES;
				ONLY_ACTIVE_ARCH = YES;
				SDKROOT = iphoneos;
			};
			name = Debug;
		};
		D609C3B12710383D0062EAF9 /* Release */ = {
			isa = XCBuildConfiguration;
			buildSettings = {
				ALWAYS_SEARCH_USER_PATHS = NO;
				CLANG_ANALYZER_NONNULL = YES;
				CLANG_ANALYZER_NUMBER_OBJECT_CONVERSION = YES_AGGRESSIVE;
				CLANG_CXX_LANGUAGE_STANDARD = "gnu++14";
				CLANG_CXX_LIBRARY = "libc++";
				CLANG_ENABLE_MODULES = YES;
				CLANG_ENABLE_OBJC_ARC = YES;
				CLANG_ENABLE_OBJC_WEAK = YES;
				CLANG_WARN_BLOCK_CAPTURE_AUTORELEASING = YES;
				CLANG_WARN_BOOL_CONVERSION = YES;
				CLANG_WARN_COMMA = YES;
				CLANG_WARN_CONSTANT_CONVERSION = YES;
				CLANG_WARN_DEPRECATED_OBJC_IMPLEMENTATIONS = YES;
				CLANG_WARN_DIRECT_OBJC_ISA_USAGE = YES_ERROR;
				CLANG_WARN_DOCUMENTATION_COMMENTS = YES;
				CLANG_WARN_EMPTY_BODY = YES;
				CLANG_WARN_ENUM_CONVERSION = YES;
				CLANG_WARN_INFINITE_RECURSION = YES;
				CLANG_WARN_INT_CONVERSION = YES;
				CLANG_WARN_NON_LITERAL_NULL_CONVERSION = YES;
				CLANG_WARN_OBJC_IMPLICIT_RETAIN_SELF = YES;
				CLANG_WARN_OBJC_LITERAL_CONVERSION = YES;
				CLANG_WARN_OBJC_ROOT_CLASS = YES_ERROR;
				CLANG_WARN_QUOTED_INCLUDE_IN_FRAMEWORK_HEADER = YES;
				CLANG_WARN_RANGE_LOOP_ANALYSIS = YES;
				CLANG_WARN_STRICT_PROTOTYPES = YES;
				CLANG_WARN_SUSPICIOUS_MOVE = YES;
				CLANG_WARN_UNGUARDED_AVAILABILITY = YES_AGGRESSIVE;
				CLANG_WARN_UNREACHABLE_CODE = YES;
				CLANG_WARN__DUPLICATE_METHOD_MATCH = YES;
				COPY_PHASE_STRIP = NO;
				DEBUG_INFORMATION_FORMAT = "dwarf-with-dsym";
				ENABLE_NS_ASSERTIONS = NO;
				ENABLE_STRICT_OBJC_MSGSEND = YES;
				GCC_C_LANGUAGE_STANDARD = gnu11;
				GCC_NO_COMMON_BLOCKS = YES;
				GCC_WARN_64_TO_32_BIT_CONVERSION = YES;
				GCC_WARN_ABOUT_RETURN_TYPE = YES_ERROR;
				GCC_WARN_UNDECLARED_SELECTOR = YES;
				GCC_WARN_UNINITIALIZED_AUTOS = YES_AGGRESSIVE;
				GCC_WARN_UNUSED_FUNCTION = YES;
				GCC_WARN_UNUSED_VARIABLE = YES;
				IPHONEOS_DEPLOYMENT_TARGET = 14.4;
				MTL_ENABLE_DEBUG_INFO = NO;
				MTL_FAST_MATH = YES;
				SDKROOT = iphoneos;
				VALIDATE_PRODUCT = YES;
			};
			name = Release;
		};
		D609C3B32710383D0062EAF9 /* Debug */ = {
			isa = XCBuildConfiguration;
			buildSettings = {
				ASSETCATALOG_COMPILER_APPICON_NAME = AppIcon;
				ASSETCATALOG_COMPILER_GLOBAL_ACCENT_COLOR_NAME = AccentColor;
				CODE_SIGN_STYLE = Automatic;
				DEVELOPMENT_TEAM = 4GSX89856T;
				INFOPLIST_FILE = "multi-thread-demo/Info.plist";
				LD_RUNPATH_SEARCH_PATHS = (
					"$(inherited)",
					"@executable_path/Frameworks",
				);
				PRODUCT_BUNDLE_IDENTIFIER = "---.multi-thread-demo";
				PRODUCT_NAME = "$(TARGET_NAME)";
				TARGETED_DEVICE_FAMILY = "1,2";
			};
			name = Debug;
		};
		D609C3B42710383D0062EAF9 /* Release */ = {
			isa = XCBuildConfiguration;
			buildSettings = {
				ASSETCATALOG_COMPILER_APPICON_NAME = AppIcon;
				ASSETCATALOG_COMPILER_GLOBAL_ACCENT_COLOR_NAME = AccentColor;
				CODE_SIGN_STYLE = Automatic;
				DEVELOPMENT_TEAM = 4GSX89856T;
				INFOPLIST_FILE = "multi-thread-demo/Info.plist";
				LD_RUNPATH_SEARCH_PATHS = (
					"$(inherited)",
					"@executable_path/Frameworks",
				);
				PRODUCT_BUNDLE_IDENTIFIER = "---.multi-thread-demo";
				PRODUCT_NAME = "$(TARGET_NAME)";
				TARGETED_DEVICE_FAMILY = "1,2";
			};
			name = Release;
		};
/* End XCBuildConfiguration section */

/* Begin XCConfigurationList section */
		D609C394271038390062EAF9 /* Build configuration list for PBXProject "multi-thread-demo" */ = {
			isa = XCConfigurationList;
			buildConfigurations = (
				D609C3B02710383D0062EAF9 /* Debug */,
				D609C3B12710383D0062EAF9 /* Release */,
			);
			defaultConfigurationIsVisible = 0;
			defaultConfigurationName = Release;
		};
		D609C3B22710383D0062EAF9 /* Build configuration list for PBXNativeTarget "multi-thread-demo" */ = {
			isa = XCConfigurationList;
			buildConfigurations = (
				D609C3B32710383D0062EAF9 /* Debug */,
				D609C3B42710383D0062EAF9 /* Release */,
			);
			defaultConfigurationIsVisible = 0;
			defaultConfigurationName = Release;
		};
/* End XCConfigurationList section */
	};
	rootObject = D609C391271038390062EAF9 /* Project object */;
}
